
Microsoft Visual Studio Solution File, Format Version 12.00
# Visual Studio Version 16
VisualStudioVersion = 16.0.30907.101
MinimumVisualStudioVersion = 10.0.40219.1
Project("{FAE04EC0-301F-11D3-BF4B-00C04F79EFBC}") = "Plan", "Plan\Plan.csproj", "{ACCE944D-2409-47CD-AA07-8B342CE12E22}"
EndProject
Global
	GlobalSection(SolutionConfigurationPlatforms) = preSolution
		Debug|Any CPU = Debug|Any CPU
		Release|Any CPU = Release|Any CPU
	EndGlobalSection
	GlobalSection(ProjectConfigurationPlatforms) = postSolution
		{ACCE944D-2409-47CD-AA07-8B342CE12E22}.Debug|Any CPU.ActiveCfg = Debug|Any CPU
		{ACCE944D-2409-47CD-AA07-8B342CE12E22}.Debug|Any CPU.Build.0 = Debug|Any CPU
		{ACCE944D-2409-47CD-AA07-8B342CE12E22}.Release|Any CPU.ActiveCfg = Release|Any CPU
		{ACCE944D-2409-47CD-AA07-8B342CE12E22}.Release|Any CPU.Build.0 = Release|Any CPU
	EndGlobalSection
	GlobalSection(SolutionProperties) = preSolution
		HideSolutionNode = FALSE
	EndGlobalSection
	GlobalSection(ExtensibilityGlobals) = postSolution
		SolutionGuid = {65C8A5A9-29DD-4298-A87F-79FE628C4F99}
	EndGlobalSection
EndGlobal
